
Microsoft Visual Studio Solution File, Format Version 12.00
# Visual Studio 15
VisualStudioVersion = 15.0.27428.2005
MinimumVisualStudioVersion = 10.0.40219.1
Project("{8BC9CEB8-8B4A-11D0-8D11-00A0C91BC942}") = "BaseOpenGL", "BaseOpenGL\BaseOpenGL.vcxproj", "{CE373916-E3C9-4D72-95C7-B460EDA19573}"
EndProject
Global
	GlobalSection(SolutionConfigurationPlatforms) = preSolution
		Debug|x64 = Debug|x64
		Debug|x86 = Debug|x86
		Release|x64 = Release|x64
		Release|x86 = Release|x86
	EndGlobalSection
	GlobalSection(ProjectConfigurationPlatforms) = postSolution
		{CE373916-E3C9-4D72-95C7-B460EDA19573}.Debug|x64.ActiveCfg = Debug|x64
		{CE373916-E3C9-4D72-95C7-B460EDA19573}.Debug|x64.Build.0 = Debug|x64
		{CE373916-E3C9-4D72-95C7-B460EDA19573}.Debug|x86.ActiveCfg = Debug|Win32
		{CE373916-E3C9-4D72-95C7-B460EDA19573}.Debug|x86.Build.0 = Debug|Win32
		{CE373916-E3C9-4D72-95C7-B460EDA19573}.Release|x64.ActiveCfg = Release|x64
		{CE373916-E3C9-4D72-95C7-B460EDA19573}.Release|x64.Build.0 = Release|x64
		{CE373916-E3C9-4D72-95C7-B460EDA19573}.Release|x86.ActiveCfg = Release|Win32
		{CE373916-E3C9-4D72-95C7-B460EDA19573}.Release|x86.Build.0 = Release|Win32
	EndGlobalSection
	GlobalSection(SolutionProperties) = preSolution
		HideSolutionNode = FALSE
	EndGlobalSection
	GlobalSection(ExtensibilityGlobals) = postSolution
		SolutionGuid = {ADF5642B-9AAA-4D19-9125-5EFDACFF4B30}
	EndGlobalSection
EndGlobal
